lockfileVersion: '9.0'

settings:
  autoInstallPeers: true
  excludeLinksFromLockfile: false

importers:

  .:
    devDependencies:
      '@cloudflare/workers-types':
        specifier: ^4.20250523.0
        version: 4.20260525.1
      typescript:
        specifier: ^5.4.0
        version: 5.9.3

packages:

  '@cloudflare/workers-types@4.20260525.1':
    resolution: {integrity: sha512-vQSjvQINGx2i3dovvVyszew4HU3+82eAuD2ryNmedBIzLcLwluKsnPLTAuL4FDVRyz+MikQEihEBsUmcTElEVQ==}

  typescript@5.9.3:
    resolution: {integrity: sha512-jl1vZzPDinLr9eUt3J/t7V6FgNEw9QjvBPdysz9KfQDD41fQrC2Y4vKQdiaUpFT4bXlb1RHhLpp8wtm6M5TgSw==}
    engines: {node: '>=14.17'}
    hasBin: true

snapshots:

  '@cloudflare/workers-types@4.20260525.1': {}

  typescript@5.9.3: {}
